<Solution>
  <Configurations>
    <Platform Name="Any CPU" />
    <Platform Name="x64" />
    <Platform Name="x86" />
  </Configurations>
  <Project Path="DummyTestProject/DummyTestProject.csproj" />
  <Project Path="Pipette.Tests/Pipette.Tests.csproj" />
  <Project Path="Pipette/Pipette.csproj" />
</Solution>
