<Solution>
  <Configurations>
    <Platform Name="Any CPU" />
    <Platform Name="x64" />
    <Platform Name="x86" />
  </Configurations>
  <Folder Name="/Solution Items/" />
  <Project Path="DummyCoreProject/DummyCoreProject.csproj" Id="c8f52c4d-4612-426d-ab73-0197b5d18b6f" />
  <Project Path="DummyIntegrationTests/DummyIntegrationTests.csproj" Id="91a34b43-ca12-4747-a6ff-ca89bb298cfb" />
  <Project Path="DummyTestProject/DummyUnitTestProject.csproj" />
</Solution>
